uuid: 47213de4-6668-4fb7-9bfc-0b809e48db55
langcode: en-gb
status: true
dependencies:
  config:
    - views.view.millboard_image_gallery
  module:
    - cohesion
    - collapsiblock
    - views
  theme:
    - millboard
third_party_settings:
  collapsiblock:
    collapse_action: 0
id: millboard_views_block__millboard_image_gallery_gallery_block
theme: millboard
region: dx8_hidden
weight: -1
provider: null
plugin: 'views_block:millboard_image_gallery-gallery_block'
settings:
  id: 'views_block:millboard_image_gallery-gallery_block'
  label: ''
  label_display: '0'
  provider: views
  context_mapping: {  }
  views_label: ''
  items_per_page: none
visibility:
  cohesion_master_template:
    id: cohesion_master_template
    using_master_template: 0
    negate: 0
