uuid: 61e92cd1-b071-45ab-9b95-1201b165a943
langcode: en-gb
status: true
dependencies:
  module:
    - cohesion
    - millboard_modello_slider
    - system
  theme:
    - millboard
id: millboard_millboardmodellosliderblock
theme: millboard
region: dx8_hidden
weight: 13
provider: null
plugin: millboard_modello_slider_block
settings:
  id: millboard_modello_slider_block
  label: 'Millboard Modello-Linear Slider Block'
  label_display: '0'
  provider: millboard_modello_slider
visibility:
  cohesion_master_template:
    id: cohesion_master_template
    using_master_template: 0
    negate: 0
  request_path:
    id: request_path
    negate: false
    pages: '/composite-decking-collections/modello-linear/*'
